
Microsoft Visual Studio Solution File, Format Version 12.00
Project("{FAE04EC0-301F-11D3-BF4B-00C04F79EFBC}") = "MyPoetry", "MyPoetry\MyPoetry.csproj", "{DC75ECF9-9E36-45B5-AB9B-CA1B8B6CD406}"
EndProject
Project("{FAE04EC0-301F-11D3-BF4B-00C04F79EFBC}") = "MyPoetry.Library", "MyPoetry.Library\MyPoetry.Library.csproj", "{87BAD92C-2B60-4170-A55A-779ADC4A3DDE}"
EndProject
Global
	GlobalSection(SolutionConfigurationPlatforms) = preSolution
		Debug|Any CPU = Debug|Any CPU
		Release|Any CPU = Release|Any CPU
	EndGlobalSection
	GlobalSection(ProjectConfigurationPlatforms) = postSolution
		{DC75ECF9-9E36-45B5-AB9B-CA1B8B6CD406}.Debug|Any CPU.ActiveCfg = Debug|Any CPU
		{DC75ECF9-9E36-45B5-AB9B-CA1B8B6CD406}.Debug|Any CPU.Build.0 = Debug|Any CPU
		{DC75ECF9-9E36-45B5-AB9B-CA1B8B6CD406}.Release|Any CPU.ActiveCfg = Release|Any CPU
		{DC75ECF9-9E36-45B5-AB9B-CA1B8B6CD406}.Release|Any CPU.Build.0 = Release|Any CPU
		{87BAD92C-2B60-4170-A55A-779ADC4A3DDE}.Debug|Any CPU.ActiveCfg = Debug|Any CPU
		{87BAD92C-2B60-4170-A55A-779ADC4A3DDE}.Debug|Any CPU.Build.0 = Debug|Any CPU
		{87BAD92C-2B60-4170-A55A-779ADC4A3DDE}.Release|Any CPU.ActiveCfg = Release|Any CPU
		{87BAD92C-2B60-4170-A55A-779ADC4A3DDE}.Release|Any CPU.Build.0 = Release|Any CPU
	EndGlobalSection
EndGlobal
